
Microsoft Visual Studio Solution File, Format Version 12.00
# Visual Studio 14
VisualStudioVersion = 14.0.23107.0
MinimumVisualStudioVersion = 10.0.40219.1
Project("{FAE04EC0-301F-11D3-BF4B-00C04F79EFBC}") = "RestaurantManager.UniversalWindows", "ResturantManager\RestaurantManager.UniversalWindows.csproj", "{BB52B4C9-CF13-4C10-8219-85EFE9179813}"
EndProject
Project("{FAE04EC0-301F-11D3-BF4B-00C04F79EFBC}") = "RestaurantManger.Models", "RestaurantManger.Models\RestaurantManger.Models.csproj", "{907F7B9F-5948-47F8-8B1F-B71C39CFF7BB}"
EndProject
Global
	GlobalSection(SolutionConfigurationPlatforms) = preSolution
		Debug|Any CPU = Debug|Any CPU
		Debug|ARM = Debug|ARM
		Debug|x64 = Debug|x64
		Debug|x86 = Debug|x86
		Release|Any CPU = Release|Any CPU
		Release|ARM = Release|ARM
		Release|x64 = Release|x64
		Release|x86 = Release|x86
	EndGlobalSection
	GlobalSection(ProjectConfigurationPlatforms) = postSolution
		{BB52B4C9-CF13-4C10-8219-85EFE9179813}.Debug|Any CPU.ActiveCfg = Debug|x86
		{BB52B4C9-CF13-4C10-8219-85EFE9179813}.Debug|ARM.ActiveCfg = Debug|ARM
		{BB52B4C9-CF13-4C10-8219-85EFE9179813}.Debug|ARM.Build.0 = Debug|ARM
		{BB52B4C9-CF13-4C10-8219-85EFE9179813}.Debug|ARM.Deploy.0 = Debug|ARM
		{BB52B4C9-CF13-4C10-8219-85EFE9179813}.Debug|x64.ActiveCfg = Debug|x64
		{BB52B4C9-CF13-4C10-8219-85EFE9179813}.Debug|x64.Build.0 = Debug|x64
		{BB52B4C9-CF13-4C10-8219-85EFE9179813}.Debug|x64.Deploy.0 = Debug|x64
		{BB52B4C9-CF13-4C10-8219-85EFE9179813}.Debug|x86.ActiveCfg = Debug|x86
		{BB52B4C9-CF13-4C10-8219-85EFE9179813}.Debug|x86.Build.0 = Debug|x86
		{BB52B4C9-CF13-4C10-8219-85EFE9179813}.Debug|x86.Deploy.0 = Debug|x86
		{BB52B4C9-CF13-4C10-8219-85EFE9179813}.Release|Any CPU.ActiveCfg = Release|x86
		{BB52B4C9-CF13-4C10-8219-85EFE9179813}.Release|ARM.ActiveCfg = Release|ARM
		{BB52B4C9-CF13-4C10-8219-85EFE9179813}.Release|ARM.Build.0 = Release|ARM
		{BB52B4C9-CF13-4C10-8219-85EFE9179813}.Release|ARM.Deploy.0 = Release|ARM
		{BB52B4C9-CF13-4C10-8219-85EFE9179813}.Release|x64.ActiveCfg = Release|x64
		{BB52B4C9-CF13-4C10-8219-85EFE9179813}.Release|x64.Build.0 = Release|x64
		{BB52B4C9-CF13-4C10-8219-85EFE9179813}.Release|x64.Deploy.0 = Release|x64
		{BB52B4C9-CF13-4C10-8219-85EFE9179813}.Release|x86.ActiveCfg = Release|x86
		{BB52B4C9-CF13-4C10-8219-85EFE9179813}.Release|x86.Build.0 = Release|x86
		{BB52B4C9-CF13-4C10-8219-85EFE9179813}.Release|x86.Deploy.0 = Release|x86
		{907F7B9F-5948-47F8-8B1F-B71C39CFF7BB}.Debug|Any CPU.ActiveCfg = Debug|Any CPU
		{907F7B9F-5948-47F8-8B1F-B71C39CFF7BB}.Debug|Any CPU.Build.0 = Debug|Any CPU
		{907F7B9F-5948-47F8-8B1F-B71C39CFF7BB}.Debug|ARM.ActiveCfg = Debug|ARM
		{907F7B9F-5948-47F8-8B1F-B71C39CFF7BB}.Debug|ARM.Build.0 = Debug|ARM
		{907F7B9F-5948-47F8-8B1F-B71C39CFF7BB}.Debug|x64.ActiveCfg = Debug|x64
		{907F7B9F-5948-47F8-8B1F-B71C39CFF7BB}.Debug|x64.Build.0 = Debug|x64
		{907F7B9F-5948-47F8-8B1F-B71C39CFF7BB}.Debug|x86.ActiveCfg = Debug|x86
		{907F7B9F-5948-47F8-8B1F-B71C39CFF7BB}.Debug|x86.Build.0 = Debug|x86
		{907F7B9F-5948-47F8-8B1F-B71C39CFF7BB}.Release|Any CPU.ActiveCfg = Release|Any CPU
		{907F7B9F-5948-47F8-8B1F-B71C39CFF7BB}.Release|Any CPU.Build.0 = Release|Any CPU
		{907F7B9F-5948-47F8-8B1F-B71C39CFF7BB}.Release|ARM.ActiveCfg = Release|ARM
		{907F7B9F-5948-47F8-8B1F-B71C39CFF7BB}.Release|ARM.Build.0 = Release|ARM
		{907F7B9F-5948-47F8-8B1F-B71C39CFF7BB}.Release|x64.ActiveCfg = Release|x64
		{907F7B9F-5948-47F8-8B1F-B71C39CFF7BB}.Release|x64.Build.0 = Release|x64
		{907F7B9F-5948-47F8-8B1F-B71C39CFF7BB}.Release|x86.ActiveCfg = Release|x86
		{907F7B9F-5948-47F8-8B1F-B71C39CFF7BB}.Release|x86.Build.0 = Release|x86
	EndGlobalSection
	GlobalSection(SolutionProperties) = preSolution
		HideSolutionNode = FALSE
	EndGlobalSection
EndGlobal
